
Microsoft Visual Studio Solution File, Format Version 12.00
# Visual Studio Version 16
VisualStudioVersion = 16.0.30717.126
MinimumVisualStudioVersion = 15.0.26124.0
Project("{9A19103F-16F7-4668-BE54-9A1E7A4F7556}") = "API", "API\API.csproj", "{5734EF4E-7866-45CD-93B5-3F86E80230BF}"
EndProject
Project("{9A19103F-16F7-4668-BE54-9A1E7A4F7556}") = "Core", "Core\Core.csproj", "{DA143E0D-5888-4BA3-AF01-44ADF72DB964}"
EndProject
Project("{9A19103F-16F7-4668-BE54-9A1E7A4F7556}") = "Infrastructure", "Infrastructure\Infrastructure.csproj", "{C3D70A8D-BB44-4E3D-BF7E-CEE8CD8C25C0}"
EndProject
Project("{FAE04EC0-301F-11D3-BF4B-00C04F79EFBC}") = "client", "client\client.csproj", "{EA110CAE-5158-4269-AF93-9CCA2DF10C50}"
EndProject
Global
	GlobalSection(SolutionConfigurationPlatforms) = preSolution
		Debug|Any CPU = Debug|Any CPU
		Debug|x64 = Debug|x64
		Debug|x86 = Debug|x86
		Release|Any CPU = Release|Any CPU
		Release|x64 = Release|x64
		Release|x86 = Release|x86
	EndGlobalSection
	GlobalSection(ProjectConfigurationPlatforms) = postSolution
		{5734EF4E-7866-45CD-93B5-3F86E80230BF}.Debug|Any CPU.ActiveCfg = Debug|Any CPU
		{5734EF4E-7866-45CD-93B5-3F86E80230BF}.Debug|Any CPU.Build.0 = Debug|Any CPU
		{5734EF4E-7866-45CD-93B5-3F86E80230BF}.Debug|x64.ActiveCfg = Debug|Any CPU
		{5734EF4E-7866-45CD-93B5-3F86E80230BF}.Debug|x64.Build.0 = Debug|Any CPU
		{5734EF4E-7866-45CD-93B5-3F86E80230BF}.Debug|x86.ActiveCfg = Debug|Any CPU
		{5734EF4E-7866-45CD-93B5-3F86E80230BF}.Debug|x86.Build.0 = Debug|Any CPU
		{5734EF4E-7866-45CD-93B5-3F86E80230BF}.Release|Any CPU.ActiveCfg = Release|Any CPU
		{5734EF4E-7866-45CD-93B5-3F86E80230BF}.Release|Any CPU.Build.0 = Release|Any CPU
		{5734EF4E-7866-45CD-93B5-3F86E80230BF}.Release|x64.ActiveCfg = Release|Any CPU
		{5734EF4E-7866-45CD-93B5-3F86E80230BF}.Release|x64.Build.0 = Release|Any CPU
		{5734EF4E-7866-45CD-93B5-3F86E80230BF}.Release|x86.ActiveCfg = Release|Any CPU
		{5734EF4E-7866-45CD-93B5-3F86E80230BF}.Release|x86.Build.0 = Release|Any CPU
		{DA143E0D-5888-4BA3-AF01-44ADF72DB964}.Debug|Any CPU.ActiveCfg = Debug|Any CPU
		{DA143E0D-5888-4BA3-AF01-44ADF72DB964}.Debug|Any CPU.Build.0 = Debug|Any CPU
		{DA143E0D-5888-4BA3-AF01-44ADF72DB964}.Debug|x64.ActiveCfg = Debug|Any CPU
		{DA143E0D-5888-4BA3-AF01-44ADF72DB964}.Debug|x64.Build.0 = Debug|Any CPU
		{DA143E0D-5888-4BA3-AF01-44ADF72DB964}.Debug|x86.ActiveCfg = Debug|Any CPU
		{DA143E0D-5888-4BA3-AF01-44ADF72DB964}.Debug|x86.Build.0 = Debug|Any CPU
		{DA143E0D-5888-4BA3-AF01-44ADF72DB964}.Release|Any CPU.ActiveCfg = Release|Any CPU
		{DA143E0D-5888-4BA3-AF01-44ADF72DB964}.Release|Any CPU.Build.0 = Release|Any CPU
		{DA143E0D-5888-4BA3-AF01-44ADF72DB964}.Release|x64.ActiveCfg = Release|Any CPU
		{DA143E0D-5888-4BA3-AF01-44ADF72DB964}.Release|x64.Build.0 = Release|Any CPU
		{DA143E0D-5888-4BA3-AF01-44ADF72DB964}.Release|x86.ActiveCfg = Release|Any CPU
		{DA143E0D-5888-4BA3-AF01-44ADF72DB964}.Release|x86.Build.0 = Release|Any CPU
		{C3D70A8D-BB44-4E3D-BF7E-CEE8CD8C25C0}.Debug|Any CPU.ActiveCfg = Debug|Any CPU
		{C3D70A8D-BB44-4E3D-BF7E-CEE8CD8C25C0}.Debug|Any CPU.Build.0 = Debug|Any CPU
		{C3D70A8D-BB44-4E3D-BF7E-CEE8CD8C25C0}.Debug|x64.ActiveCfg = Debug|Any CPU
		{C3D70A8D-BB44-4E3D-BF7E-CEE8CD8C25C0}.Debug|x64.Build.0 = Debug|Any CPU
		{C3D70A8D-BB44-4E3D-BF7E-CEE8CD8C25C0}.Debug|x86.ActiveCfg = Debug|Any CPU
		{C3D70A8D-BB44-4E3D-BF7E-CEE8CD8C25C0}.Debug|x86.Build.0 = Debug|Any CPU
		{C3D70A8D-BB44-4E3D-BF7E-CEE8CD8C25C0}.Release|Any CPU.ActiveCfg = Release|Any CPU
		{C3D70A8D-BB44-4E3D-BF7E-CEE8CD8C25C0}.Release|Any CPU.Build.0 = Release|Any CPU
		{C3D70A8D-BB44-4E3D-BF7E-CEE8CD8C25C0}.Release|x64.ActiveCfg = Release|Any CPU
		{C3D70A8D-BB44-4E3D-BF7E-CEE8CD8C25C0}.Release|x64.Build.0 = Release|Any CPU
		{C3D70A8D-BB44-4E3D-BF7E-CEE8CD8C25C0}.Release|x86.ActiveCfg = Release|Any CPU
		{C3D70A8D-BB44-4E3D-BF7E-CEE8CD8C25C0}.Release|x86.Build.0 = Release|Any CPU
		{EA110CAE-5158-4269-AF93-9CCA2DF10C50}.Debug|Any CPU.ActiveCfg = Debug|Any CPU
		{EA110CAE-5158-4269-AF93-9CCA2DF10C50}.Debug|Any CPU.Build.0 = Debug|Any CPU
		{EA110CAE-5158-4269-AF93-9CCA2DF10C50}.Debug|x64.ActiveCfg = Debug|Any CPU
		{EA110CAE-5158-4269-AF93-9CCA2DF10C50}.Debug|x64.Build.0 = Debug|Any CPU
		{EA110CAE-5158-4269-AF93-9CCA2DF10C50}.Debug|x86.ActiveCfg = Debug|Any CPU
		{EA110CAE-5158-4269-AF93-9CCA2DF10C50}.Debug|x86.Build.0 = Debug|Any CPU
		{EA110CAE-5158-4269-AF93-9CCA2DF10C50}.Release|Any CPU.ActiveCfg = Release|Any CPU
		{EA110CAE-5158-4269-AF93-9CCA2DF10C50}.Release|Any CPU.Build.0 = Release|Any CPU
		{EA110CAE-5158-4269-AF93-9CCA2DF10C50}.Release|x64.ActiveCfg = Release|Any CPU
		{EA110CAE-5158-4269-AF93-9CCA2DF10C50}.Release|x64.Build.0 = Release|Any CPU
		{EA110CAE-5158-4269-AF93-9CCA2DF10C50}.Release|x86.ActiveCfg = Release|Any CPU
		{EA110CAE-5158-4269-AF93-9CCA2DF10C50}.Release|x86.Build.0 = Release|Any CPU
	EndGlobalSection
	GlobalSection(SolutionProperties) = preSolution
		HideSolutionNode = FALSE
	EndGlobalSection
	GlobalSection(ExtensibilityGlobals) = postSolution
		SolutionGuid = {D484AC3A-7A7F-4685-B66A-026DA306B5CD}
	EndGlobalSection
EndGlobal
